// !$*UTF8*$!
{
	archiveVersion = 1;
	classes = {
	};
	objectVersion = 46;
	objects = {

/* Begin PBXBuildFile section */
		7D20391215664F3900D9DD6E /* IMUDataCallbacks.cpp in Sources */ = {isa = PBXBuildFile; fileRef = 7D20391115664F3900D9DD6E /* IMUDataCallbacks.cpp */; };
		7D44849415669E9600FB759D /* OscOutboundPacketStream.cpp in Sources */ = {isa = PBXBuildFile; fileRef = 7D44847E15669E9600FB759D /* OscOutboundPacketStream.cpp */; };
		7D44849515669E9600FB759D /* OscPrintReceivedElements.cpp in Sources */ = {isa = PBXBuildFile; fileRef = 7D44848115669E9600FB759D /* OscPrintReceivedElements.cpp */; };
		7D44849615669E9600FB759D /* OscReceivedElements.cpp in Sources */ = {isa = PBXBuildFile; fileRef = 7D44848315669E9600FB759D /* OscReceivedElements.cpp */; };
		7D44849715669E9600FB759D /* OscTypes.cpp in Sources */ = {isa = PBXBuildFile; fileRef = 7D44848515669E9600FB759D /* OscTypes.cpp */; };
		7D44849815669E9600FB759D /* IpEndpointName.cpp in Sources */ = {isa = PBXBuildFile; fileRef = 7D44848815669E9600FB759D /* IpEndpointName.cpp */; };
		7D44849915669E9600FB759D /* NetworkingUtils.cpp in Sources */ = {isa = PBXBuildFile; fileRef = 7D44848D15669E9600FB759D /* NetworkingUtils.cpp */; };
		7D44849A15669E9600FB759D /* UdpSocket.cpp in Sources */ = {isa = PBXBuildFile; fileRef = 7D44848E15669E9600FB759D /* UdpSocket.cpp */; };
		7D7FB248156662AC003C03FC /* IMUOSCHandlers.cpp in Sources */ = {isa = PBXBuildFile; fileRef = 7D7FB247156662AC003C03FC /* IMUOSCHandlers.cpp */; };
		7DD23213155BE18D00C012B4 /* XIMU.cpp in Sources */ = {isa = PBXBuildFile; fileRef = 7DD23212155BE18D00C012B4 /* XIMU.cpp */; };
		7DD23215155BF04B00C012B4 /* IOKit.framework in Frameworks */ = {isa = PBXBuildFile; fileRef = 7DD23214155BF04B00C012B4 /* IOKit.framework */; };
		7DF90D8E155976C10007A0AD /* Cocoa.framework in Frameworks */ = {isa = PBXBuildFile; fileRef = 7DF90D8D155976C10007A0AD /* Cocoa.framework */; };
		7DF90D98155976C10007A0AD /* InfoPlist.strings in Resources */ = {isa = PBXBuildFile; fileRef = 7DF90D96155976C10007A0AD /* InfoPlist.strings */; };
		7DF90D9A155976C10007A0AD /* main.m in Sources */ = {isa = PBXBuildFile; fileRef = 7DF90D99155976C10007A0AD /* main.m */; };
		7DF90D9E155976C10007A0AD /* Credits.rtf in Resources */ = {isa = PBXBuildFile; fileRef = 7DF90D9C155976C10007A0AD /* Credits.rtf */; };
		7DF90DA1155976C10007A0AD /* IMUAppDelegate.m in Sources */ = {isa = PBXBuildFile; fileRef = 7DF90DA0155976C10007A0AD /* IMUAppDelegate.m */; };
		7DF90DA4155976C20007A0AD /* MainMenu.xib in Resources */ = {isa = PBXBuildFile; fileRef = 7DF90DA2155976C20007A0AD /* MainMenu.xib */; };
		7DF90DB4155979F20007A0AD /* IMUController.mm in Sources */ = {isa = PBXBuildFile; fileRef = 7DF90DB3155979F20007A0AD /* IMUController.mm */; };
/* End PBXBuildFile section */

/* Begin PBXFileReference section */
		7D20391115664F3900D9DD6E /* IMUDataCallbacks.cpp */ = {isa = PBXFileReference; fileEncoding = 4; lastKnownFileType = sourcecode.cpp.cpp; path = IMUDataCallbacks.cpp; sourceTree = "<group>"; };
		7D20391415664F4E00D9DD6E /* IMUDataCallbacks.h */ = {isa = PBXFileReference; lastKnownFileType = sourcecode.c.h; path = IMUDataCallbacks.h; sourceTree = "<group>"; };
		7D44847B15669E9600FB759D /* MessageMappingOscPacketListener.h */ = {isa = PBXFileReference; fileEncoding = 4; lastKnownFileType = sourcecode.c.h; path = MessageMappingOscPacketListener.h; sourceTree = "<group>"; };
		7D44847C15669E9600FB759D /* OscException.h */ = {isa = PBXFileReference; fileEncoding = 4; lastKnownFileType = sourcecode.c.h; path = OscException.h; sourceTree = "<group>"; };
		7D44847D15669E9600FB759D /* OscHostEndianness.h */ = {isa = PBXFileReference; fileEncoding = 4; lastKnownFileType = sourcecode.c.h; path = OscHostEndianness.h; sourceTree = "<group>"; };
		7D44847E15669E9600FB759D /* OscOutboundPacketStream.cpp */ = {isa = PBXFileReference; fileEncoding = 4; lastKnownFileType = sourcecode.cpp.cpp; path = OscOutboundPacketStream.cpp; sourceTree = "<group>"; };
		7D44847F15669E9600FB759D /* OscOutboundPacketStream.h */ = {isa = PBXFileReference; fileEncoding = 4; lastKnownFileType = sourcecode.c.h; path = OscOutboundPacketStream.h; sourceTree = "<group>"; };
		7D44848015669E9600FB759D /* OscPacketListener.h */ = {isa = PBXFileReference; fileEncoding = 4; lastKnownFileType = sourcecode.c.h; path = OscPacketListener.h; sourceTree = "<group>"; };
		7D44848115669E9600FB759D /* OscPrintReceivedElements.cpp */ = {isa = PBXFileReference; fileEncoding = 4; lastKnownFileType = sourcecode.cpp.cpp; path = OscPrintReceivedElements.cpp; sourceTree = "<group>"; };
		7D44848215669E9600FB759D /* OscPrintReceivedElements.h */ = {isa = PBXFileReference; fileEncoding = 4; lastKnownFileType = sourcecode.c.h; path = OscPrintReceivedElements.h; sourceTree = "<group>"; };
		7D44848315669E9600FB759D /* OscReceivedElements.cpp */ = {isa = PBXFileReference; fileEncoding = 4; lastKnownFileType = sourcecode.cpp.cpp; path = OscReceivedElements.cpp; sourceTree = "<group>"; };
		7D44848415669E9600FB759D /* OscReceivedElements.h */ = {isa = PBXFileReference; fileEncoding = 4; lastKnownFileType = sourcecode.c.h; path = OscReceivedElements.h; sourceTree = "<group>"; };
		7D44848515669E9600FB759D /* OscTypes.cpp */ = {isa = PBXFileReference; fileEncoding = 4; lastKnownFileType = sourcecode.cpp.cpp; path = OscTypes.cpp; sourceTree = "<group>"; };
		7D44848615669E9600FB759D /* OscTypes.h */ = {isa = PBXFileReference; fileEncoding = 4; lastKnownFileType = sourcecode.c.h; path = OscTypes.h; sourceTree = "<group>"; };
		7D44848815669E9600FB759D /* IpEndpointName.cpp */ = {isa = PBXFileReference; fileEncoding = 4; lastKnownFileType = sourcecode.cpp.cpp; path = IpEndpointName.cpp; sourceTree = "<group>"; };
		7D44848915669E9600FB759D /* IpEndpointName.h */ = {isa = PBXFileReference; fileEncoding = 4; lastKnownFileType = sourcecode.c.h; path = IpEndpointName.h; sourceTree = "<group>"; };
		7D44848A15669E9600FB759D /* NetworkingUtils.h */ = {isa = PBXFileReference; fileEncoding = 4; lastKnownFileType = sourcecode.c.h; path = NetworkingUtils.h; sourceTree = "<group>"; };
		7D44848B15669E9600FB759D /* PacketListener.h */ = {isa = PBXFileReference; fileEncoding = 4; lastKnownFileType = sourcecode.c.h; path = PacketListener.h; sourceTree = "<group>"; };
		7D44848D15669E9600FB759D /* NetworkingUtils.cpp */ = {isa = PBXFileReference; fileEncoding = 4; lastKnownFileType = sourcecode.cpp.cpp; path = NetworkingUtils.cpp; sourceTree = "<group>"; };
		7D44848E15669E9600FB759D /* UdpSocket.cpp */ = {isa = PBXFileReference; fileEncoding = 4; lastKnownFileType = sourcecode.cpp.cpp; path = UdpSocket.cpp; sourceTree = "<group>"; };
		7D44848F15669E9600FB759D /* TimerListener.h */ = {isa = PBXFileReference; fileEncoding = 4; lastKnownFileType = sourcecode.c.h; path = TimerListener.h; sourceTree = "<group>"; };
		7D44849015669E9600FB759D /* UdpSocket.h */ = {isa = PBXFileReference; fileEncoding = 4; lastKnownFileType = sourcecode.c.h; path = UdpSocket.h; sourceTree = "<group>"; };
		7D7FB247156662AC003C03FC /* IMUOSCHandlers.cpp */ = {isa = PBXFileReference; fileEncoding = 4; lastKnownFileType = sourcecode.cpp.cpp; path = IMUOSCHandlers.cpp; sourceTree = "<group>"; };
		7D7FB249156662C5003C03FC /* IMUOSCHandlers.h */ = {isa = PBXFileReference; lastKnownFileType = sourcecode.c.h; path = IMUOSCHandlers.h; sourceTree = "<group>"; };
		7DD23211155BE17B00C012B4 /* XIMU.h */ = {isa = PBXFileReference; fileEncoding = 4; lastKnownFileType = sourcecode.c.h; path = XIMU.h; sourceTree = "<group>"; };
		7DD23212155BE18D00C012B4 /* XIMU.cpp */ = {isa = PBXFileReference; fileEncoding = 4; lastKnownFileType = sourcecode.cpp.cpp; path = XIMU.cpp; sourceTree = "<group>"; };
		7DD23214155BF04B00C012B4 /* IOKit.framework */ = {isa = PBXFileReference; lastKnownFileType = wrapper.framework; name = IOKit.framework; path = System/Library/Frameworks/IOKit.framework; sourceTree = SDKROOT; };
		7DF90D89155976C10007A0AD /* IMU2OSC.app */ = {isa = PBXFileReference; explicitFileType = wrapper.application; includeInIndex = 0; path = IMU2OSC.app; sourceTree = BUILT_PRODUCTS_DIR; };
		7DF90D8D155976C10007A0AD /* Cocoa.framework */ = {isa = PBXFileReference; lastKnownFileType = wrapper.framework; name = Cocoa.framework; path = System/Library/Frameworks/Cocoa.framework; sourceTree = SDKROOT; };
		7DF90D90155976C10007A0AD /* AppKit.framework */ = {isa = PBXFileReference; lastKnownFileType = wrapper.framework; name = AppKit.framework; path = System/Library/Frameworks/AppKit.framework; sourceTree = SDKROOT; };
		7DF90D91155976C10007A0AD /* CoreData.framework */ = {isa = PBXFileReference; lastKnownFileType = wrapper.framework; name = CoreData.framework; path = System/Library/Frameworks/CoreData.framework; sourceTree = SDKROOT; };
		7DF90D92155976C10007A0AD /* Foundation.framework */ = {isa = PBXFileReference; lastKnownFileType = wrapper.framework; name = Foundation.framework; path = System/Library/Frameworks/Foundation.framework; sourceTree = SDKROOT; };
		7DF90D95155976C10007A0AD /* IMU2OSC-Info.plist */ = {isa = PBXFileReference; lastKnownFileType = text.plist.xml; path = "IMU2OSC-Info.plist"; sourceTree = "<group>"; };
		7DF90D97155976C10007A0AD /* en */ = {isa = PBXFileReference; lastKnownFileType = text.plist.strings; name = en; path = en.lproj/InfoPlist.strings; sourceTree = "<group>"; };
		7DF90D99155976C10007A0AD /* main.m */ = {isa = PBXFileReference; lastKnownFileType = sourcecode.c.objc; path = main.m; sourceTree = "<group>"; };
		7DF90D9B155976C10007A0AD /* IMU2OSC-Prefix.pch */ = {isa = PBXFileReference; lastKnownFileType = sourcecode.c.h; path = "IMU2OSC-Prefix.pch"; sourceTree = "<group>"; };
		7DF90D9D155976C10007A0AD /* en */ = {isa = PBXFileReference; lastKnownFileType = text.rtf; name = en; path = en.lproj/Credits.rtf; sourceTree = "<group>"; };
		7DF90D9F155976C10007A0AD /* IMUAppDelegate.h */ = {isa = PBXFileReference; lastKnownFileType = sourcecode.c.h; path = IMUAppDelegate.h; sourceTree = "<group>"; };
		7DF90DA0155976C10007A0AD /* IMUAppDelegate.m */ = {isa = PBXFileReference; lastKnownFileType = sourcecode.c.objc; path = IMUAppDelegate.m; sourceTree = "<group>"; };
		7DF90DA3155976C20007A0AD /* en */ = {isa = PBXFileReference; lastKnownFileType = file.xib; name = en; path = en.lproj/MainMenu.xib; sourceTree = "<group>"; };
		7DF90DB2155979F20007A0AD /* IMUController.h */ = {isa = PBXFileReference; fileEncoding = 4; lastKnownFileType = sourcecode.c.h; path = IMUController.h; sourceTree = "<group>"; };
		7DF90DB3155979F20007A0AD /* IMUController.mm */ = {isa = PBXFileReference; fileEncoding = 4; lastKnownFileType = sourcecode.cpp.objcpp; path = IMUController.mm; sourceTree = "<group>"; };
/* End PBXFileReference section */

/* Begin PBXFrameworksBuildPhase section */
		7DF90D86155976C10007A0AD /* Frameworks */ = {
			isa = PBXFrameworksBuildPhase;
			buildActionMask = 2147483647;
			files = (
				7DD23215155BF04B00C012B4 /* IOKit.framework in Frameworks */,
				7DF90D8E155976C10007A0AD /* Cocoa.framework in Frameworks */,
			);
			runOnlyForDeploymentPostprocessing = 0;
		};
/* End PBXFrameworksBuildPhase section */

/* Begin PBXGroup section */
		7D44847A15669E9600FB759D /* osc */ = {
			isa = PBXGroup;
			children = (
				7D44847B15669E9600FB759D /* MessageMappingOscPacketListener.h */,
				7D44847C15669E9600FB759D /* OscException.h */,
				7D44847D15669E9600FB759D /* OscHostEndianness.h */,
				7D44847E15669E9600FB759D /* OscOutboundPacketStream.cpp */,
				7D44847F15669E9600FB759D /* OscOutboundPacketStream.h */,
				7D44848015669E9600FB759D /* OscPacketListener.h */,
				7D44848115669E9600FB759D /* OscPrintReceivedElements.cpp */,
				7D44848215669E9600FB759D /* OscPrintReceivedElements.h */,
				7D44848315669E9600FB759D /* OscReceivedElements.cpp */,
				7D44848415669E9600FB759D /* OscReceivedElements.h */,
				7D44848515669E9600FB759D /* OscTypes.cpp */,
				7D44848615669E9600FB759D /* OscTypes.h */,
			);
			path = osc;
			sourceTree = "<group>";
		};
		7D44848715669E9600FB759D /* ip */ = {
			isa = PBXGroup;
			children = (
				7D44848815669E9600FB759D /* IpEndpointName.cpp */,
				7D44848915669E9600FB759D /* IpEndpointName.h */,
				7D44848A15669E9600FB759D /* NetworkingUtils.h */,
				7D44848B15669E9600FB759D /* PacketListener.h */,
				7D44848C15669E9600FB759D /* posix */,
				7D44848F15669E9600FB759D /* TimerListener.h */,
				7D44849015669E9600FB759D /* UdpSocket.h */,
			);
			path = ip;
			sourceTree = "<group>";
		};
		7D44848C15669E9600FB759D /* posix */ = {
			isa = PBXGroup;
			children = (
				7D44848D15669E9600FB759D /* NetworkingUtils.cpp */,
				7D44848E15669E9600FB759D /* UdpSocket.cpp */,
			);
			path = posix;
			sourceTree = "<group>";
		};
		7DF90D7E155976C10007A0AD = {
			isa = PBXGroup;
			children = (
				7DF90D93155976C10007A0AD /* IMU2OSC */,
				7DF90D8C155976C10007A0AD /* Frameworks */,
				7DF90D8A155976C10007A0AD /* Products */,
			);
			sourceTree = "<group>";
		};
		7DF90D8A155976C10007A0AD /* Products */ = {
			isa = PBXGroup;
			children = (
				7DF90D89155976C10007A0AD /* IMU2OSC.app */,
			);
			name = Products;
			sourceTree = "<group>";
		};
		7DF90D8C155976C10007A0AD /* Frameworks */ = {
			isa = PBXGroup;
			children = (
				7DD23214155BF04B00C012B4 /* IOKit.framework */,
				7DF90D8D155976C10007A0AD /* Cocoa.framework */,
				7DF90D8F155976C10007A0AD /* Other Frameworks */,
			);
			name = Frameworks;
			sourceTree = "<group>";
		};
		7DF90D8F155976C10007A0AD /* Other Frameworks */ = {
			isa = PBXGroup;
			children = (
				7DF90D90155976C10007A0AD /* AppKit.framework */,
				7DF90D91155976C10007A0AD /* CoreData.framework */,
				7DF90D92155976C10007A0AD /* Foundation.framework */,
			);
			name = "Other Frameworks";
			sourceTree = "<group>";
		};
		7DF90D93155976C10007A0AD /* IMU2OSC */ = {
			isa = PBXGroup;
			children = (
				7D20391115664F3900D9DD6E /* IMUDataCallbacks.cpp */,
				7D20391415664F4E00D9DD6E /* IMUDataCallbacks.h */,
				7D7FB247156662AC003C03FC /* IMUOSCHandlers.cpp */,
				7D7FB249156662C5003C03FC /* IMUOSCHandlers.h */,
				7DF90D9F155976C10007A0AD /* IMUAppDelegate.h */,
				7DF90DA0155976C10007A0AD /* IMUAppDelegate.m */,
				7DF90DB2155979F20007A0AD /* IMUController.h */,
				7DF90DB3155979F20007A0AD /* IMUController.mm */,
				7DF90DA2155976C20007A0AD /* MainMenu.xib */,
				7DF90D94155976C10007A0AD /* Supporting Files */,
			);
			path = IMU2OSC;
			sourceTree = "<group>";
		};
		7DF90D94155976C10007A0AD /* Supporting Files */ = {
			isa = PBXGroup;
			children = (
				7D44847A15669E9600FB759D /* osc */,
				7D44848715669E9600FB759D /* ip */,
				7DD23212155BE18D00C012B4 /* XIMU.cpp */,
				7DD23211155BE17B00C012B4 /* XIMU.h */,
				7DF90D95155976C10007A0AD /* IMU2OSC-Info.plist */,
				7DF90D96155976C10007A0AD /* InfoPlist.strings */,
				7DF90D99155976C10007A0AD /* main.m */,
				7DF90D9B155976C10007A0AD /* IMU2OSC-Prefix.pch */,
				7DF90D9C155976C10007A0AD /* Credits.rtf */,
			);
			name = "Supporting Files";
			sourceTree = "<group>";
		};
/* End PBXGroup section */

/* Begin PBXNativeTarget section */
		7DF90D88155976C10007A0AD /* IMU2OSC */ = {
			isa = PBXNativeTarget;
			buildConfigurationList = 7DF90DA7155976C20007A0AD /* Build configuration list for PBXNativeTarget "IMU2OSC" */;
			buildPhases = (
				7DF90D85155976C10007A0AD /* Sources */,
				7DF90D86155976C10007A0AD /* Frameworks */,
				7DF90D87155976C10007A0AD /* Resources */,
			);
			buildRules = (
			);
			dependencies = (
			);
			name = IMU2OSC;
			productName = IMU2OSC;
			productReference = 7DF90D89155976C10007A0AD /* IMU2OSC.app */;
			productType = "com.apple.product-type.application";
		};
/* End PBXNativeTarget section */

/* Begin PBXProject section */
		7DF90D80155976C10007A0AD /* Project object */ = {
			isa = PBXProject;
			attributes = {
				CLASSPREFIX = IMU;
				LastUpgradeCheck = 0430;
				ORGANIZATIONNAME = "Jamie Bullock";
			};
			buildConfigurationList = 7DF90D83155976C10007A0AD /* Build configuration list for PBXProject "IMU2OSC" */;
			compatibilityVersion = "Xcode 3.2";
			developmentRegion = English;
			hasScannedForEncodings = 0;
			knownRegions = (
				en,
			);
			mainGroup = 7DF90D7E155976C10007A0AD;
			productRefGroup = 7DF90D8A155976C10007A0AD /* Products */;
			projectDirPath = "";
			projectRoot = "";
			targets = (
				7DF90D88155976C10007A0AD /* IMU2OSC */,
			);
		};
/* End PBXProject section */

/* Begin PBXResourcesBuildPhase section */
		7DF90D87155976C10007A0AD /* Resources */ = {
			isa = PBXResourcesBuildPhase;
			buildActionMask = 2147483647;
			files = (
				7DF90D98155976C10007A0AD /* InfoPlist.strings in Resources */,
				7DF90D9E155976C10007A0AD /* Credits.rtf in Resources */,
				7DF90DA4155976C20007A0AD /* MainMenu.xib in Resources */,
			);
			runOnlyForDeploymentPostprocessing = 0;
		};
/* End PBXResourcesBuildPhase section */

/* Begin PBXSourcesBuildPhase section */
		7DF90D85155976C10007A0AD /* Sources */ = {
			isa = PBXSourcesBuildPhase;
			buildActionMask = 2147483647;
			files = (
				7DF90D9A155976C10007A0AD /* main.m in Sources */,
				7DF90DA1155976C10007A0AD /* IMUAppDelegate.m in Sources */,
				7DF90DB4155979F20007A0AD /* IMUController.mm in Sources */,
				7DD23213155BE18D00C012B4 /* XIMU.cpp in Sources */,
				7D20391215664F3900D9DD6E /* IMUDataCallbacks.cpp in Sources */,
				7D7FB248156662AC003C03FC /* IMUOSCHandlers.cpp in Sources */,
				7D44849415669E9600FB759D /* OscOutboundPacketStream.cpp in Sources */,
				7D44849515669E9600FB759D /* OscPrintReceivedElements.cpp in Sources */,
				7D44849615669E9600FB759D /* OscReceivedElements.cpp in Sources */,
				7D44849715669E9600FB759D /* OscTypes.cpp in Sources */,
				7D44849815669E9600FB759D /* IpEndpointName.cpp in Sources */,
				7D44849915669E9600FB759D /* NetworkingUtils.cpp in Sources */,
				7D44849A15669E9600FB759D /* UdpSocket.cpp in Sources */,
			);
			runOnlyForDeploymentPostprocessing = 0;
		};
/* End PBXSourcesBuildPhase section */

/* Begin PBXVariantGroup section */
		7DF90D96155976C10007A0AD /* InfoPlist.strings */ = {
			isa = PBXVariantGroup;
			children = (
				7DF90D97155976C10007A0AD /* en */,
			);
			name = InfoPlist.strings;
			sourceTree = "<group>";
		};
		7DF90D9C155976C10007A0AD /* Credits.rtf */ = {
			isa = PBXVariantGroup;
			children = (
				7DF90D9D155976C10007A0AD /* en */,
			);
			name = Credits.rtf;
			sourceTree = "<group>";
		};
		7DF90DA2155976C20007A0AD /* MainMenu.xib */ = {
			isa = PBXVariantGroup;
			children = (
				7DF90DA3155976C20007A0AD /* en */,
			);
			name = MainMenu.xib;
			sourceTree = "<group>";
		};
/* End PBXVariantGroup section */

/* Begin XCBuildConfiguration section */
		7DF90DA5155976C20007A0AD /* Debug */ = {
			isa = XCBuildConfiguration;
			buildSettings = {
				ALWAYS_SEARCH_USER_PATHS = NO;
				ARCHS = "$(ARCHS_STANDARD_64_BIT)";
				CLANG_ENABLE_OBJC_ARC = YES;
				COPY_PHASE_STRIP = NO;
				GCC_C_LANGUAGE_STANDARD = gnu99;
				GCC_DYNAMIC_NO_PIC = NO;
				GCC_ENABLE_OBJC_EXCEPTIONS = YES;
				GCC_OPTIMIZATION_LEVEL = 0;
				GCC_PREPROCESSOR_DEFINITIONS = (
					"DEBUG=1",
					"$(inherited)",
				);
				GCC_SYMBOLS_PRIVATE_EXTERN = NO;
				GCC_VERSION = com.apple.compilers.llvm.clang.1_0;
				GCC_WARN_64_TO_32_BIT_CONVERSION = YES;
				GCC_WARN_ABOUT_RETURN_TYPE = YES;
				GCC_WARN_UNINITIALIZED_AUTOS = YES;
				GCC_WARN_UNUSED_VARIABLE = YES;
				MACOSX_DEPLOYMENT_TARGET = 10.7;
				ONLY_ACTIVE_ARCH = YES;
				SDKROOT = macosx;
			};
			name = Debug;
		};
		7DF90DA6155976C20007A0AD /* Release */ = {
			isa = XCBuildConfiguration;
			buildSettings = {
				ALWAYS_SEARCH_USER_PATHS = NO;
				ARCHS = "$(ARCHS_STANDARD_64_BIT)";
				CLANG_ENABLE_OBJC_ARC = YES;
				COPY_PHASE_STRIP = YES;
				DEBUG_INFORMATION_FORMAT = "dwarf-with-dsym";
				GCC_C_LANGUAGE_STANDARD = gnu99;
				GCC_ENABLE_OBJC_EXCEPTIONS = YES;
				GCC_VERSION = com.apple.compilers.llvm.clang.1_0;
				GCC_WARN_64_TO_32_BIT_CONVERSION = YES;
				GCC_WARN_ABOUT_RETURN_TYPE = YES;
				GCC_WARN_UNINITIALIZED_AUTOS = YES;
				GCC_WARN_UNUSED_VARIABLE = YES;
				MACOSX_DEPLOYMENT_TARGET = 10.7;
				SDKROOT = macosx;
			};
			name = Release;
		};
		7DF90DA8155976C20007A0AD /* Debug */ = {
			isa = XCBuildConfiguration;
			buildSettings = {
				ALWAYS_SEARCH_USER_PATHS = YES;
				GCC_PRECOMPILE_PREFIX_HEADER = YES;
				GCC_PREFIX_HEADER = "IMU2OSC/IMU2OSC-Prefix.pch";
				HEADER_SEARCH_PATHS = /usr/local/Cellar/boost/1.49.0/include;
				INFOPLIST_FILE = "IMU2OSC/IMU2OSC-Info.plist";
				OTHER_LDFLAGS = (
					"-L/usr/local/Cellar/boost/1.49.0/lib",
					"-lboost_thread-mt",
				);
				PRODUCT_NAME = "$(TARGET_NAME)";
				USER_HEADER_SEARCH_PATHS = "$(BUILT_PRODUCTS_DIR)/**";
				WRAPPER_EXTENSION = app;
			};
			name = Debug;
		};
		7DF90DA9155976C20007A0AD /* Release */ = {
			isa = XCBuildConfiguration;
			buildSettings = {
				ALWAYS_SEARCH_USER_PATHS = NO;
				GCC_PRECOMPILE_PREFIX_HEADER = YES;
				GCC_PREFIX_HEADER = "IMU2OSC/IMU2OSC-Prefix.pch";
				HEADER_SEARCH_PATHS = /usr/local/Cellar/boost/1.49.0/include;
				INFOPLIST_FILE = "IMU2OSC/IMU2OSC-Info.plist";
				OTHER_LDFLAGS = (
					"-L/usr/local/Cellar/boost/1.49.0/lib",
					"-lboost_thread-mt",
				);
				PRODUCT_NAME = "$(TARGET_NAME)";
				USER_HEADER_SEARCH_PATHS = "$(BUILT_PRODUCTS_DIR)/**";
				WRAPPER_EXTENSION = app;
			};
			name = Release;
		};
/* End XCBuildConfiguration section */

/* Begin XCConfigurationList section */
		7DF90D83155976C10007A0AD /* Build configuration list for PBXProject "IMU2OSC" */ = {
			isa = XCConfigurationList;
			buildConfigurations = (
				7DF90DA5155976C20007A0AD /* Debug */,
				7DF90DA6155976C20007A0AD /* Release */,
			);
			defaultConfigurationIsVisible = 0;
			defaultConfigurationName = Release;
		};
		7DF90DA7155976C20007A0AD /* Build configuration list for PBXNativeTarget "IMU2OSC" */ = {
			isa = XCConfigurationList;
			buildConfigurations = (
				7DF90DA8155976C20007A0AD /* Debug */,
				7DF90DA9155976C20007A0AD /* Release */,
			);
			defaultConfigurationIsVisible = 0;
			defaultConfigurationName = Release;
		};
/* End XCConfigurationList section */
	};
	rootObject = 7DF90D80155976C10007A0AD /* Project object */;
}
